// !$*UTF8*$!
{
	archiveVersion = 1;
	classes = {
	};
	objectVersion = 46;
	objects = {

/* Begin PBXBuildFile section */
		E03DAC001AD540D200014779 /* AppDelegate.swift in Sources */ = {isa = PBXBuildFile; fileRef = E03DABFF1AD540D200014779 /* AppDelegate.swift */; };
		E03DAC041AD540D200014779 /* GameScene.swift in Sources */ = {isa = PBXBuildFile; fileRef = E03DAC031AD540D200014779 /* GameScene.swift */; };
		E03DAC061AD540D200014779 /* GameViewController.swift in Sources */ = {isa = PBXBuildFile; fileRef = E03DAC051AD540D200014779 /* GameViewController.swift */; };
		E03DAC091AD540D200014779 /* Main.storyboard in Resources */ = {isa = PBXBuildFile; fileRef = E03DAC071AD540D200014779 /* Main.storyboard */; };
		E03DAC0B1AD540D200014779 /* Images.xcassets in Resources */ = {isa = PBXBuildFile; fileRef = E03DAC0A1AD540D200014779 /* Images.xcassets */; };
		E03DAC0E1AD540D200014779 /* LaunchScreen.xib in Resources */ = {isa = PBXBuildFile; fileRef = E03DAC0C1AD540D200014779 /* LaunchScreen.xib */; };
		E03DAC1A1AD540D200014779 /* CookieCrunchTests.swift in Sources */ = {isa = PBXBuildFile; fileRef = E03DAC191AD540D200014779 /* CookieCrunchTests.swift */; };
		E03DAC241AD5416B00014779 /* Sprites.atlas in Resources */ = {isa = PBXBuildFile; fileRef = E03DAC231AD5416B00014779 /* Sprites.atlas */; };
		E03DAC261AD5438D00014779 /* Cookie.swift in Sources */ = {isa = PBXBuildFile; fileRef = E03DAC251AD5438D00014779 /* Cookie.swift */; };
		E08680CC1AD98C7F00129F2C /* Array2D.swift in Sources */ = {isa = PBXBuildFile; fileRef = E08680CB1AD98C7F00129F2C /* Array2D.swift */; };
		E08680CE1AD98C9400129F2C /* Level.swift in Sources */ = {isa = PBXBuildFile; fileRef = E08680CD1AD98C9400129F2C /* Level.swift */; };
		E08680D01AD98C9C00129F2C /* MySet.swift in Sources */ = {isa = PBXBuildFile; fileRef = E08680CF1AD98C9C00129F2C /* MySet.swift */; };
		E08680D21AD98CA300129F2C /* Swap.swift in Sources */ = {isa = PBXBuildFile; fileRef = E08680D11AD98CA300129F2C /* Swap.swift */; };
		E08680D41AD98CDA00129F2C /* Tile.swift in Sources */ = {isa = PBXBuildFile; fileRef = E08680D31AD98CDA00129F2C /* Tile.swift */; };
		E08680D61AD98D0A00129F2C /* Extentions.swift in Sources */ = {isa = PBXBuildFile; fileRef = E08680D51AD98D0A00129F2C /* Extentions.swift */; };
		E08680E01AD9A7C800129F2C /* Chain.swift in Sources */ = {isa = PBXBuildFile; fileRef = E08680DF1AD9A7C800129F2C /* Chain.swift */; };
		E08680E21ADB2F9800129F2C /* Grid.atlas in Resources */ = {isa = PBXBuildFile; fileRef = E08680E11ADB2F9800129F2C /* Grid.atlas */; };
		E08680E61ADC22D700129F2C /* Levels in Resources */ = {isa = PBXBuildFile; fileRef = E08680E51ADC22D700129F2C /* Levels */; };
/* End PBXBuildFile section */

/* Begin PBXContainerItemProxy section */
		E03DAC141AD540D200014779 /* PBXContainerItemProxy */ = {
			isa = PBXContainerItemProxy;
			containerPortal = E03DABF21AD540D200014779 /* Project object */;
			proxyType = 1;
			remoteGlobalIDString = E03DABF91AD540D200014779;
			remoteInfo = CookieCrunch;
		};
/* End PBXContainerItemProxy section */

/* Begin PBXFileReference section */
		E03DABFA1AD540D200014779 /* CookieCrunch.app */ = {isa = PBXFileReference; explicitFileType = wrapper.application; includeInIndex = 0; path = CookieCrunch.app; sourceTree = BUILT_PRODUCTS_DIR; };
		E03DABFE1AD540D200014779 /* Info.plist */ = {isa = PBXFileReference; lastKnownFileType = text.plist.xml; path = Info.plist; sourceTree = "<group>"; };
		E03DABFF1AD540D200014779 /* AppDelegate.swift */ = {isa = PBXFileReference; lastKnownFileType = sourcecode.swift; path = AppDelegate.swift; sourceTree = "<group>"; };
		E03DAC031AD540D200014779 /* GameScene.swift */ = {isa = PBXFileReference; lastKnownFileType = sourcecode.swift; path = GameScene.swift; sourceTree = "<group>"; };
		E03DAC051AD540D200014779 /* GameViewController.swift */ = {isa = PBXFileReference; lastKnownFileType = sourcecode.swift; path = GameViewController.swift; sourceTree = "<group>"; };
		E03DAC081AD540D200014779 /* Base */ = {isa = PBXFileReference; lastKnownFileType = file.storyboard; name = Base; path = Base.lproj/Main.storyboard; sourceTree = "<group>"; };
		E03DAC0A1AD540D200014779 /* Images.xcassets */ = {isa = PBXFileReference; lastKnownFileType = folder.assetcatalog; path = Images.xcassets; sourceTree = "<group>"; };
		E03DAC0D1AD540D200014779 /* Base */ = {isa = PBXFileReference; lastKnownFileType = file.xib; name = Base; path = Base.lproj/LaunchScreen.xib; sourceTree = "<group>"; };
		E03DAC131AD540D200014779 /* CookieCrunchTests.xctest */ = {isa = PBXFileReference; explicitFileType = wrapper.cfbundle; includeInIndex = 0; path = CookieCrunchTests.xctest; sourceTree = BUILT_PRODUCTS_DIR; };
		E03DAC181AD540D200014779 /* Info.plist */ = {isa = PBXFileReference; lastKnownFileType = text.plist.xml; path = Info.plist; sourceTree = "<group>"; };
		E03DAC191AD540D200014779 /* CookieCrunchTests.swift */ = {isa = PBXFileReference; lastKnownFileType = sourcecode.swift; path = CookieCrunchTests.swift; sourceTree = "<group>"; };
		E03DAC231AD5416B00014779 /* Sprites.atlas */ = {isa = PBXFileReference; lastKnownFileType = folder.skatlas; name = Sprites.atlas; path = ../Sprites.atlas; sourceTree = "<group>"; };
		E03DAC251AD5438D00014779 /* Cookie.swift */ = {isa = PBXFileReference; fileEncoding = 4; lastKnownFileType = sourcecode.swift; path = Cookie.swift; sourceTree = "<group>"; };
		E08680CB1AD98C7F00129F2C /* Array2D.swift */ = {isa = PBXFileReference; fileEncoding = 4; lastKnownFileType = sourcecode.swift; path = Array2D.swift; sourceTree = "<group>"; };
		E08680CD1AD98C9400129F2C /* Level.swift */ = {isa = PBXFileReference; fileEncoding = 4; lastKnownFileType = sourcecode.swift; path = Level.swift; sourceTree = "<group>"; };
		E08680CF1AD98C9C00129F2C /* MySet.swift */ = {isa = PBXFileReference; fileEncoding = 4; lastKnownFileType = sourcecode.swift; path = MySet.swift; sourceTree = "<group>"; };
		E08680D11AD98CA300129F2C /* Swap.swift */ = {isa = PBXFileReference; fileEncoding = 4; lastKnownFileType = sourcecode.swift; path = Swap.swift; sourceTree = "<group>"; };
		E08680D31AD98CDA00129F2C /* Tile.swift */ = {isa = PBXFileReference; fileEncoding = 4; lastKnownFileType = sourcecode.swift; path = Tile.swift; sourceTree = "<group>"; };
		E08680D51AD98D0A00129F2C /* Extentions.swift */ = {isa = PBXFileReference; fileEncoding = 4; lastKnownFileType = sourcecode.swift; path = Extentions.swift; sourceTree = "<group>"; };
		E08680DF1AD9A7C800129F2C /* Chain.swift */ = {isa = PBXFileReference; fileEncoding = 4; lastKnownFileType = sourcecode.swift; path = Chain.swift; sourceTree = "<group>"; };
		E08680E11ADB2F9800129F2C /* Grid.atlas */ = {isa = PBXFileReference; lastKnownFileType = folder.skatlas; path = Grid.atlas; sourceTree = "<group>"; };
		E08680E51ADC22D700129F2C /* Levels */ = {isa = PBXFileReference; lastKnownFileType = folder; path = Levels; sourceTree = "<group>"; };
/* End PBXFileReference section */

/* Begin PBXFrameworksBuildPhase section */
		E03DABF71AD540D200014779 /* Frameworks */ = {
			isa = PBXFrameworksBuildPhase;
			buildActionMask = 2147483647;
			files = (
			);
			runOnlyForDeploymentPostprocessing = 0;
		};
		E03DAC101AD540D200014779 /* Frameworks */ = {
			isa = PBXFrameworksBuildPhase;
			buildActionMask = 2147483647;
			files = (
			);
			runOnlyForDeploymentPostprocessing = 0;
		};
/* End PBXFrameworksBuildPhase section */

/* Begin PBXGroup section */
		E03DABF11AD540D200014779 = {
			isa = PBXGroup;
			children = (
				E03DABFC1AD540D200014779 /* CookieCrunch */,
				E03DAC161AD540D200014779 /* CookieCrunchTests */,
				E03DABFB1AD540D200014779 /* Products */,
			);
			sourceTree = "<group>";
		};
		E03DABFB1AD540D200014779 /* Products */ = {
			isa = PBXGroup;
			children = (
				E03DABFA1AD540D200014779 /* CookieCrunch.app */,
				E03DAC131AD540D200014779 /* CookieCrunchTests.xctest */,
			);
			name = Products;
			sourceTree = "<group>";
		};
		E03DABFC1AD540D200014779 /* CookieCrunch */ = {
			isa = PBXGroup;
			children = (
				E08680DF1AD9A7C800129F2C /* Chain.swift */,
				E03DABFF1AD540D200014779 /* AppDelegate.swift */,
				E03DAC031AD540D200014779 /* GameScene.swift */,
				E03DAC051AD540D200014779 /* GameViewController.swift */,
				E08680CB1AD98C7F00129F2C /* Array2D.swift */,
				E08680CF1AD98C9C00129F2C /* MySet.swift */,
				E08680D11AD98CA300129F2C /* Swap.swift */,
				E08680CD1AD98C9400129F2C /* Level.swift */,
				E08680D51AD98D0A00129F2C /* Extentions.swift */,
				E08680D31AD98CDA00129F2C /* Tile.swift */,
				E03DAC251AD5438D00014779 /* Cookie.swift */,
				E03DAC071AD540D200014779 /* Main.storyboard */,
				E08680E51ADC22D700129F2C /* Levels */,
				E03DAC0A1AD540D200014779 /* Images.xcassets */,
				E08680E11ADB2F9800129F2C /* Grid.atlas */,
				E03DAC231AD5416B00014779 /* Sprites.atlas */,
				E03DAC0C1AD540D200014779 /* LaunchScreen.xib */,
				E03DABFD1AD540D200014779 /* Supporting Files */,
			);
			path = CookieCrunch;
			sourceTree = "<group>";
		};
		E03DABFD1AD540D200014779 /* Supporting Files */ = {
			isa = PBXGroup;
			children = (
				E03DABFE1AD540D200014779 /* Info.plist */,
			);
			name = "Supporting Files";
			sourceTree = "<group>";
		};
		E03DAC161AD540D200014779 /* CookieCrunchTests */ = {
			isa = PBXGroup;
			children = (
				E03DAC191AD540D200014779 /* CookieCrunchTests.swift */,
				E03DAC171AD540D200014779 /* Supporting Files */,
			);
			path = CookieCrunchTests;
			sourceTree = "<group>";
		};
		E03DAC171AD540D200014779 /* Supporting Files */ = {
			isa = PBXGroup;
			children = (
				E03DAC181AD540D200014779 /* Info.plist */,
			);
			name = "Supporting Files";
			sourceTree = "<group>";
		};
/* End PBXGroup section */

/* Begin PBXNativeTarget section */
		E03DABF91AD540D200014779 /* CookieCrunch */ = {
			isa = PBXNativeTarget;
			buildConfigurationList = E03DAC1D1AD540D200014779 /* Build configuration list for PBXNativeTarget "CookieCrunch" */;
			buildPhases = (
				E03DABF61AD540D200014779 /* Sources */,
				E03DABF71AD540D200014779 /* Frameworks */,
				E03DABF81AD540D200014779 /* Resources */,
			);
			buildRules = (
			);
			dependencies = (
			);
			name = CookieCrunch;
			productName = CookieCrunch;
			productReference = E03DABFA1AD540D200014779 /* CookieCrunch.app */;
			productType = "com.apple.product-type.application";
		};
		E03DAC121AD540D200014779 /* CookieCrunchTests */ = {
			isa = PBXNativeTarget;
			buildConfigurationList = E03DAC201AD540D200014779 /* Build configuration list for PBXNativeTarget "CookieCrunchTests" */;
			buildPhases = (
				E03DAC0F1AD540D200014779 /* Sources */,
				E03DAC101AD540D200014779 /* Frameworks */,
				E03DAC111AD540D200014779 /* Resources */,
			);
			buildRules = (
			);
			dependencies = (
				E03DAC151AD540D200014779 /* PBXTargetDependency */,
			);
			name = CookieCrunchTests;
			productName = CookieCrunchTests;
			productReference = E03DAC131AD540D200014779 /* CookieCrunchTests.xctest */;
			productType = "com.apple.product-type.bundle.unit-test";
		};
/* End PBXNativeTarget section */

/* Begin PBXProject section */
		E03DABF21AD540D200014779 /* Project object */ = {
			isa = PBXProject;
			attributes = {
				LastUpgradeCheck = 0620;
				ORGANIZATIONNAME = "Ahmad Ghadiri";
				TargetAttributes = {
					E03DABF91AD540D200014779 = {
						CreatedOnToolsVersion = 6.2;
					};
					E03DAC121AD540D200014779 = {
						CreatedOnToolsVersion = 6.2;
						TestTargetID = E03DABF91AD540D200014779;
					};
				};
			};
			buildConfigurationList = E03DABF51AD540D200014779 /* Build configuration list for PBXProject "CookieCrunch" */;
			compatibilityVersion = "Xcode 3.2";
			developmentRegion = English;
			hasScannedForEncodings = 0;
			knownRegions = (
				en,
				Base,
			);
			mainGroup = E03DABF11AD540D200014779;
			productRefGroup = E03DABFB1AD540D200014779 /* Products */;
			projectDirPath = "";
			projectRoot = "";
			targets = (
				E03DABF91AD540D200014779 /* CookieCrunch */,
				E03DAC121AD540D200014779 /* CookieCrunchTests */,
			);
		};
/* End PBXProject section */

/* Begin PBXResourcesBuildPhase section */
		E03DABF81AD540D200014779 /* Resources */ = {
			isa = PBXResourcesBuildPhase;
			buildActionMask = 2147483647;
			files = (
				E03DAC0E1AD540D200014779 /* LaunchScreen.xib in Resources */,
				E03DAC0B1AD540D200014779 /* Images.xcassets in Resources */,
				E03DAC091AD540D200014779 /* Main.storyboard in Resources */,
				E08680E61ADC22D700129F2C /* Levels in Resources */,
				E08680E21ADB2F9800129F2C /* Grid.atlas in Resources */,
				E03DAC241AD5416B00014779 /* Sprites.atlas in Resources */,
			);
			runOnlyForDeploymentPostprocessing = 0;
		};
		E03DAC111AD540D200014779 /* Resources */ = {
			isa = PBXResourcesBuildPhase;
			buildActionMask = 2147483647;
			files = (
			);
			runOnlyForDeploymentPostprocessing = 0;
		};
/* End PBXResourcesBuildPhase section */

/* Begin PBXSourcesBuildPhase section */
		E03DABF61AD540D200014779 /* Sources */ = {
			isa = PBXSourcesBuildPhase;
			buildActionMask = 2147483647;
			files = (
				E08680D21AD98CA300129F2C /* Swap.swift in Sources */,
				E08680D01AD98C9C00129F2C /* MySet.swift in Sources */,
				E08680D61AD98D0A00129F2C /* Extentions.swift in Sources */,
				E08680CE1AD98C9400129F2C /* Level.swift in Sources */,
				E03DAC041AD540D200014779 /* GameScene.swift in Sources */,
				E03DAC261AD5438D00014779 /* Cookie.swift in Sources */,
				E03DAC061AD540D200014779 /* GameViewController.swift in Sources */,
				E08680D41AD98CDA00129F2C /* Tile.swift in Sources */,
				E03DAC001AD540D200014779 /* AppDelegate.swift in Sources */,
				E08680E01AD9A7C800129F2C /* Chain.swift in Sources */,
				E08680CC1AD98C7F00129F2C /* Array2D.swift in Sources */,
			);
			runOnlyForDeploymentPostprocessing = 0;
		};
		E03DAC0F1AD540D200014779 /* Sources */ = {
			isa = PBXSourcesBuildPhase;
			buildActionMask = 2147483647;
			files = (
				E03DAC1A1AD540D200014779 /* CookieCrunchTests.swift in Sources */,
			);
			runOnlyForDeploymentPostprocessing = 0;
		};
/* End PBXSourcesBuildPhase section */

/* Begin PBXTargetDependency section */
		E03DAC151AD540D200014779 /* PBXTargetDependency */ = {
			isa = PBXTargetDependency;
			target = E03DABF91AD540D200014779 /* CookieCrunch */;
			targetProxy = E03DAC141AD540D200014779 /* PBXContainerItemProxy */;
		};
/* End PBXTargetDependency section */

/* Begin PBXVariantGroup section */
		E03DAC071AD540D200014779 /* Main.storyboard */ = {
			isa = PBXVariantGroup;
			children = (
				E03DAC081AD540D200014779 /* Base */,
			);
			name = Main.storyboard;
			sourceTree = "<group>";
		};
		E03DAC0C1AD540D200014779 /* LaunchScreen.xib */ = {
			isa = PBXVariantGroup;
			children = (
				E03DAC0D1AD540D200014779 /* Base */,
			);
			name = LaunchScreen.xib;
			sourceTree = "<group>";
		};
/* End PBXVariantGroup section */

/* Begin XCBuildConfiguration section */
		E03DAC1B1AD540D200014779 /* Debug */ = {
			isa = XCBuildConfiguration;
			buildSettings = {
				ALWAYS_SEARCH_USER_PATHS = NO;
				CLANG_CXX_LANGUAGE_STANDARD = "gnu++0x";
				CLANG_CXX_LIBRARY = "libc++";
				CLANG_ENABLE_MODULES = YES;
				CLANG_ENABLE_OBJC_ARC = YES;
				CLANG_WARN_BOOL_CONVERSION = YES;
				CLANG_WARN_CONSTANT_CONVERSION = YES;
				CLANG_WARN_DIRECT_OBJC_ISA_USAGE = YES_ERROR;
				CLANG_WARN_EMPTY_BODY = YES;
				CLANG_WARN_ENUM_CONVERSION = YES;
				CLANG_WARN_INT_CONVERSION = YES;
				CLANG_WARN_OBJC_ROOT_CLASS = YES_ERROR;
				CLANG_WARN_UNREACHABLE_CODE = YES;
				CLANG_WARN__DUPLICATE_METHOD_MATCH = YES;
				"CODE_SIGN_IDENTITY[sdk=iphoneos*]" = "iPhone Developer";
				COPY_PHASE_STRIP = NO;
				ENABLE_STRICT_OBJC_MSGSEND = YES;
				GCC_C_LANGUAGE_STANDARD = gnu99;
				GCC_DYNAMIC_NO_PIC = NO;
				GCC_OPTIMIZATION_LEVEL = 0;
				GCC_PREPROCESSOR_DEFINITIONS = (
					"DEBUG=1",
					"$(inherited)",
				);
				GCC_SYMBOLS_PRIVATE_EXTERN = NO;
				GCC_WARN_64_TO_32_BIT_CONVERSION = YES;
				GCC_WARN_ABOUT_RETURN_TYPE = YES_ERROR;
				GCC_WARN_UNDECLARED_SELECTOR = YES;
				GCC_WARN_UNINITIALIZED_AUTOS = YES_AGGRESSIVE;
				GCC_WARN_UNUSED_FUNCTION = YES;
				GCC_WARN_UNUSED_VARIABLE = YES;
				IPHONEOS_DEPLOYMENT_TARGET = 8.2;
				MTL_ENABLE_DEBUG_INFO = YES;
				ONLY_ACTIVE_ARCH = YES;
				SDKROOT = iphoneos;
				SWIFT_OPTIMIZATION_LEVEL = "-Onone";
			};
			name = Debug;
		};
		E03DAC1C1AD540D200014779 /* Release */ = {
			isa = XCBuildConfiguration;
			buildSettings = {
				ALWAYS_SEARCH_USER_PATHS = NO;
				CLANG_CXX_LANGUAGE_STANDARD = "gnu++0x";
				CLANG_CXX_LIBRARY = "libc++";
				CLANG_ENABLE_MODULES = YES;
				CLANG_ENABLE_OBJC_ARC = YES;
				CLANG_WARN_BOOL_CONVERSION = YES;
				CLANG_WARN_CONSTANT_CONVERSION = YES;
				CLANG_WARN_DIRECT_OBJC_ISA_USAGE = YES_ERROR;
				CLANG_WARN_EMPTY_BODY = YES;
				CLANG_WARN_ENUM_CONVERSION = YES;
				CLANG_WARN_INT_CONVERSION = YES;
				CLANG_WARN_OBJC_ROOT_CLASS = YES_ERROR;
				CLANG_WARN_UNREACHABLE_CODE = YES;
				CLANG_WARN__DUPLICATE_METHOD_MATCH = YES;
				"CODE_SIGN_IDENTITY[sdk=iphoneos*]" = "iPhone Developer";
				COPY_PHASE_STRIP = NO;
				ENABLE_NS_ASSERTIONS = NO;
				ENABLE_STRICT_OBJC_MSGSEND = YES;
				GCC_C_LANGUAGE_STANDARD = gnu99;
				GCC_WARN_64_TO_32_BIT_CONVERSION = YES;
				GCC_WARN_ABOUT_RETURN_TYPE = YES_ERROR;
				GCC_WARN_UNDECLARED_SELECTOR = YES;
				GCC_WARN_UNINITIALIZED_AUTOS = YES_AGGRESSIVE;
				GCC_WARN_UNUSED_FUNCTION = YES;
				GCC_WARN_UNUSED_VARIABLE = YES;
				IPHONEOS_DEPLOYMENT_TARGET = 8.2;
				MTL_ENABLE_DEBUG_INFO = NO;
				SDKROOT = iphoneos;
				VALIDATE_PRODUCT = YES;
			};
			name = Release;
		};
		E03DAC1E1AD540D200014779 /* Debug */ = {
			isa = XCBuildConfiguration;
			buildSettings = {
				ASSETCATALOG_COMPILER_APPICON_NAME = AppIcon;
				CLANG_ENABLE_MODULES = YES;
				INFOPLIST_FILE = CookieCrunch/Info.plist;
				LD_RUNPATH_SEARCH_PATHS = "$(inherited) @executable_path/Frameworks";
				PRODUCT_NAME = "$(TARGET_NAME)";
				SWIFT_INCLUDE_PATHS = RWTChain.h;
				SWIFT_INSTALL_OBJC_HEADER = NO;
				SWIFT_OBJC_BRIDGING_HEADER = "";
				SWIFT_OPTIMIZATION_LEVEL = "-Onone";
			};
			name = Debug;
		};
		E03DAC1F1AD540D200014779 /* Release */ = {
			isa = XCBuildConfiguration;
			buildSettings = {
				ASSETCATALOG_COMPILER_APPICON_NAME = AppIcon;
				CLANG_ENABLE_MODULES = YES;
				INFOPLIST_FILE = CookieCrunch/Info.plist;
				LD_RUNPATH_SEARCH_PATHS = "$(inherited) @executable_path/Frameworks";
				PRODUCT_NAME = "$(TARGET_NAME)";
				SWIFT_INCLUDE_PATHS = RWTChain.h;
				SWIFT_INSTALL_OBJC_HEADER = NO;
				SWIFT_OBJC_BRIDGING_HEADER = "";
			};
			name = Release;
		};
		E03DAC211AD540D200014779 /* Debug */ = {
			isa = XCBuildConfiguration;
			buildSettings = {
				BUNDLE_LOADER = "$(TEST_HOST)";
				FRAMEWORK_SEARCH_PATHS = (
					"$(SDKROOT)/Developer/Library/Frameworks",
					"$(inherited)",
				);
				GCC_PREPROCESSOR_DEFINITIONS = (
					"DEBUG=1",
					"$(inherited)",
				);
				INFOPLIST_FILE = CookieCrunchTests/Info.plist;
				LD_RUNPATH_SEARCH_PATHS = "$(inherited) @executable_path/Frameworks @loader_path/Frameworks";
				PRODUCT_NAME = "$(TARGET_NAME)";
				TEST_HOST = "$(BUILT_PRODUCTS_DIR)/CookieCrunch.app/CookieCrunch";
			};
			name = Debug;
		};
		E03DAC221AD540D200014779 /* Release */ = {
			isa = XCBuildConfiguration;
			buildSettings = {
				BUNDLE_LOADER = "$(TEST_HOST)";
				FRAMEWORK_SEARCH_PATHS = (
					"$(SDKROOT)/Developer/Library/Frameworks",
					"$(inherited)",
				);
				INFOPLIST_FILE = CookieCrunchTests/Info.plist;
				LD_RUNPATH_SEARCH_PATHS = "$(inherited) @executable_path/Frameworks @loader_path/Frameworks";
				PRODUCT_NAME = "$(TARGET_NAME)";
				TEST_HOST = "$(BUILT_PRODUCTS_DIR)/CookieCrunch.app/CookieCrunch";
			};
			name = Release;
		};
/* End XCBuildConfiguration section */

/* Begin XCConfigurationList section */
		E03DABF51AD540D200014779 /* Build configuration list for PBXProject "CookieCrunch" */ = {
			isa = XCConfigurationList;
			buildConfigurations = (
				E03DAC1B1AD540D200014779 /* Debug */,
				E03DAC1C1AD540D200014779 /* Release */,
			);
			defaultConfigurationIsVisible = 0;
			defaultConfigurationName = Release;
		};
		E03DAC1D1AD540D200014779 /* Build configuration list for PBXNativeTarget "CookieCrunch" */ = {
			isa = XCConfigurationList;
			buildConfigurations = (
				E03DAC1E1AD540D200014779 /* Debug */,
				E03DAC1F1AD540D200014779 /* Release */,
			);
			defaultConfigurationIsVisible = 0;
			defaultConfigurationName = Release;
		};
		E03DAC201AD540D200014779 /* Build configuration list for PBXNativeTarget "CookieCrunchTests" */ = {
			isa = XCConfigurationList;
			buildConfigurations = (
				E03DAC211AD540D200014779 /* Debug */,
				E03DAC221AD540D200014779 /* Release */,
			);
			defaultConfigurationIsVisible = 0;
			defaultConfigurationName = Release;
		};
/* End XCConfigurationList section */
	};
	rootObject = E03DABF21AD540D200014779 /* Project object */;
}
